<?xml version="1.0" encoding="utf-8"?>
<Project ToolsVersion="4.0" xmlns="http://schemas.microsoft.com/developer/msbuild/2003">
  <ItemGroup>
    <Filter Include="Source Files">
      <UniqueIdentifier>{4FC737F1-C7A5-4376-A066-2A32D752A2FF}</UniqueIdentifier>
      <Extensions>cpp;c;cc;cxx;c++;cppm;ixx;def;odl;idl;hpj;bat;asm;asmx</Extensions>
    </Filter>
    <Filter Include="Header Files">
      <UniqueIdentifier>{93995380-89BD-4b04-88EB-625FBE52EBFB}</UniqueIdentifier>
      <Extensions>h;hh;hpp;hxx;h++;hm;inl;inc;ipp;xsd</Extensions>
    </Filter>
    <Filter Include="Resource Files">
      <UniqueIdentifier>{67DA6AB6-F800-4c08-8B7A-83BB121AAD01}</UniqueIdentifier>
      <Extensions>rc;ico;cur;bmp;dlg;rc2;rct;bin;rgs;gif;jpg;jpeg;jpe;resx;tiff;tif;png;wav;mfcribbon-ms</Extensions>
    </Filter>
    <Filter Include="Header Files\Offsets">
      <UniqueIdentifier>{5e85239c-7cce-49c3-afc4-6364b83ec793}</UniqueIdentifier>
    </Filter>
    <Filter Include="Header Files\Ark">
      <UniqueIdentifier>{7a33963f-8305-4725-af0a-753b79693e66}</UniqueIdentifier>
    </Filter>
    <Filter Include="Header Files\ImGuI">
      <UniqueIdentifier>{128f5e6f-57bb-4d03-b002-716d7f76fc1f}</UniqueIdentifier>
    </Filter>
  </ItemGroup>
  <ItemGroup>
    <ClInclude Include="Offsets.h">
      <Filter>Header Files\Offsets</Filter>
    </ClInclude>
    <ClInclude Include="Ark.h">
      <Filter>Header Files\Ark</Filter>
    </ClInclude>
    <ClInclude Include="ImGuI\imconfig.h">
      <Filter>Header Files\ImGuI</Filter>
    </ClInclude>
    <ClInclude Include="ImGuI\imgui.h">
      <Filter>Header Files\ImGuI</Filter>
    </ClInclude>
    <ClInclude Include="ImGuI\backends\imgui_impl_dx9.h">
      <Filter>Header Files\ImGuI</Filter>
    </ClInclude>
    <ClInclude Include="ImGuI\backends\imgui_impl_win32.h">
      <Filter>Header Files\ImGuI</Filter>
    </ClInclude>
    <ClInclude Include="ImGuI\imgui_internal.h">
      <Filter>Header Files\ImGuI</Filter>
    </ClInclude>
    <ClInclude Include="ImGuI\imstb_rectpack.h">
      <Filter>Header Files\ImGuI</Filter>
    </ClInclude>
    <ClInclude Include="ImGuI\imstb_textedit.h">
      <Filter>Header Files\ImGuI</Filter>
    </ClInclude>
    <ClInclude Include="ImGuI\imstb_truetype.h">
      <Filter>Header Files\ImGuI</Filter>
    </ClInclude>
    <ClInclude Include="Memory.h">
      <Filter>Header Files\Offsets</Filter>
    </ClInclude>
    <ClInclude Include="imguiutil.h">
      <Filter>Header Files\ImGuI</Filter>
    </ClInclude>
  </ItemGroup>
  <ItemGroup>
    <ClCompile Include="main.cpp">
      <Filter>Source Files</Filter>
    </ClCompile>
    <ClCompile Include="ImGuI\imgui.cpp">
      <Filter>Header Files\ImGuI</Filter>
    </ClCompile>
    <ClCompile Include="ImGuI\imgui_demo.cpp">
      <Filter>Header Files\ImGuI</Filter>
    </ClCompile>
    <ClCompile Include="ImGuI\imgui_draw.cpp">
      <Filter>Header Files\ImGuI</Filter>
    </ClCompile>
    <ClCompile Include="ImGuI\backends\imgui_impl_dx9.cpp">
      <Filter>Header Files\ImGuI</Filter>
    </ClCompile>
    <ClCompile Include="ImGuI\backends\imgui_impl_win32.cpp">
      <Filter>Header Files\ImGuI</Filter>
    </ClCompile>
    <ClCompile Include="ImGuI\imgui_tables.cpp">
      <Filter>Header Files\ImGuI</Filter>
    </ClCompile>
    <ClCompile Include="ImGuI\imgui_widgets.cpp">
      <Filter>Header Files\ImGuI</Filter>
    </ClCompile>
  </ItemGroup>
</Project>